[[package]]
name = "attrs"
version = "21.4.0"
description = "Classes Without Boilerplate"
category = "main"
optional = false
python-versions = ">=2.7, !=3.0.*, !=3.1.*, !=3.2.*, !=3.3.*, !=3.4.*"

[package.extras]
dev = ["coverage[toml] (>=5.0.2)", "hypothesis", "pympler", "pytest (>=4.3.0)", "six", "mypy", "pytest-mypy-plugins", "zope.interface", "furo", "sphinx", "sphinx-notfound-page", "pre-commit", "cloudpickle"]
docs = ["furo", "sphinx", "zope.interface", "sphinx-notfound-page"]
tests = ["coverage[toml] (>=5.0.2)", "hypothesis", "pympler", "pytest (>=4.3.0)", "six", "mypy", "pytest-mypy-plugins", "zope.interface", "cloudpickle"]
tests_no_zope = ["coverage[toml] (>=5.0.2)", "hypothesis", "pympler", "pytest (>=4.3.0)", "six", "mypy", "pytest-mypy-plugins", "cloudpickle"]

[[package]]
name = "black"
version = "21.12b0"
description = "The uncompromising code formatter."
category = "dev"
optional = false
python-versions = ">=3.6.2"

[package.dependencies]
click = ">=7.1.2"
mypy-extensions = ">=0.4.3"
pathspec = ">=0.9.0,<1"
platformdirs = ">=2"
tomli = ">=0.2.6,<2.0.0"
typing-extensions = [
    {version = ">=3.10.0.0", markers = "python_version < \"3.10\""},
    {version = "!=3.10.0.1", markers = "python_version >= \"3.10\""},
]

[package.extras]
colorama = ["colorama (>=0.4.3)"]
d = ["aiohttp (>=3.7.4)"]
jupyter = ["ipython (>=7.8.0)", "tokenize-rt (>=3.2.0)"]
python2 = ["typed-ast (>=1.4.3)"]
uvloop = ["uvloop (>=0.15.2)"]

[[package]]
name = "click"
version = "8.0.3"
description = "Composable command line interface toolkit"
category = "dev"
optional = false
python-versions = ">=3.6"

[package.dependencies]
colorama = {version = "*", markers = "platform_system == \"Windows\""}

[[package]]
name = "colorama"
version = "0.4.4"
description = "Cross-platform colored terminal text."
category = "dev"
optional = false
python-versions = ">=2.7, !=3.0.*, !=3.1.*, !=3.2.*, !=3.3.*, !=3.4.*"

[[package]]
name = "feedparser"
version = "6.0.8"
description = "Universal feed parser, handles RSS 0.9x, RSS 1.0, RSS 2.0, CDF, Atom 0.3, and Atom 1.0 feeds"
category = "main"
optional = false
python-versions = ">=3.6"

[package.dependencies]
sgmllib3k = "*"

[[package]]
name = "jsonrpcserver"
version = "5.0.5"
description = "Process JSON-RPC requests"
category = "main"
optional = false
python-versions = "*"

[package.dependencies]
jsonschema = "<4"
oslash = "<1"

[package.extras]
examples = ["aiohttp", "aiozmq", "flask", "flask-socketio", "gmqtt", "pyzmq", "tornado", "websockets", "werkzeug"]

[[package]]
name = "jsonschema"
version = "3.2.0"
description = "An implementation of JSON Schema validation for Python"
category = "main"
optional = false
python-versions = "*"

[package.dependencies]
attrs = ">=17.4.0"
pyrsistent = ">=0.14.0"
six = ">=1.11.0"

[package.extras]
format = ["idna", "jsonpointer (>1.13)", "rfc3987", "strict-rfc3339", "webcolors"]
format_nongpl = ["idna", "jsonpointer (>1.13)", "webcolors", "rfc3986-validator (>0.1.0)", "rfc3339-validator"]

[[package]]
name = "mypy-extensions"
version = "0.4.3"
description = "Experimental type system extensions for programs checked with the mypy typechecker."
category = "dev"
optional = false
python-versions = "*"

[[package]]
name = "oslash"
version = "0.6.3"
description = "OSlash (Ø) for Python 3.8+"
category = "main"
optional = false
python-versions = "*"

[package.dependencies]
typing-extensions = "*"

[[package]]
name = "pathspec"
version = "0.9.0"
description = "Utility library for gitignore style pattern matching of file paths."
category = "dev"
optional = false
python-versions = "!=3.0.*,!=3.1.*,!=3.2.*,!=3.3.*,!=3.4.*,>=2.7"

[[package]]
name = "platformdirs"
version = "2.4.1"
description = "A small Python module for determining appropriate platform-specific dirs, e.g. a \"user data dir\"."
category = "dev"
optional = false
python-versions = ">=3.7"

[package.extras]
docs = ["Sphinx (>=4)", "furo (>=2021.7.5b38)", "proselint (>=0.10.2)", "sphinx-autodoc-typehints (>=1.12)"]
test = ["appdirs (==1.4.4)", "pytest (>=6)", "pytest-cov (>=2.7)", "pytest-mock (>=3.6)"]

[[package]]
name = "pyrsistent"
version = "0.18.0"
description = "Persistent/Functional/Immutable data structures"
category = "main"
optional = false
python-versions = ">=3.6"

[[package]]
name = "sgmllib3k"
version = "1.0.0"
description = "Py3k port of sgmllib."
category = "main"
optional = false
python-versions = "*"

[[package]]
name = "six"
version = "1.16.0"
description = "Python 2 and 3 compatibility utilities"
category = "main"
optional = false
python-versions = ">=2.7, !=3.0.*, !=3.1.*, !=3.2.*"

[[package]]
name = "tomli"
version = "1.2.3"
description = "A lil' TOML parser"
category = "dev"
optional = false
python-versions = ">=3.6"

[[package]]
name = "typing-extensions"
version = "4.0.1"
description = "Backported and Experimental Type Hints for Python 3.6+"
category = "main"
optional = false
python-versions = ">=3.6"

[metadata]
lock-version = "1.1"
python-versions = "^3.8"
content-hash = "21ec8417376c1ce9190237e0516d31602359b39cfba2003b248e67f14f7f6c93"

[metadata.files]
attrs = [
    {file = "attrs-21.4.0-py2.py3-none-any.whl", hash = "sha256:2d27e3784d7a565d36ab851fe94887c5eccd6a463168875832a1be79c82828b4"},
    {file = "attrs-21.4.0.tar.gz", hash = "sha256:626ba8234211db98e869df76230a137c4c40a12d72445c45d5f5b716f076e2fd"},
]
black = [
    {file = "black-21.12b0-py3-none-any.whl", hash = "sha256:a615e69ae185e08fdd73e4715e260e2479c861b5740057fde6e8b4e3b7dd589f"},
    {file = "black-21.12b0.tar.gz", hash = "sha256:77b80f693a569e2e527958459634f18df9b0ba2625ba4e0c2d5da5be42e6f2b3"},
]
click = [
    {file = "click-8.0.3-py3-none-any.whl", hash = "sha256:353f466495adaeb40b6b5f592f9f91cb22372351c84caeb068132442a4518ef3"},
    {file = "click-8.0.3.tar.gz", hash = "sha256:410e932b050f5eed773c4cda94de75971c89cdb3155a72a0831139a79e5ecb5b"},
]
colorama = [
    {file = "colorama-0.4.4-py2.py3-none-any.whl", hash = "sha256:9f47eda37229f68eee03b24b9748937c7dc3868f906e8ba69fbcbdd3bc5dc3e2"},
    {file = "colorama-0.4.4.tar.gz", hash = "sha256:5941b2b48a20143d2267e95b1c2a7603ce057ee39fd88e7329b0c292aa16869b"},
]
feedparser = [
    {file = "feedparser-6.0.8-py3-none-any.whl", hash = "sha256:1b7f57841d9cf85074deb316ed2c795091a238adb79846bc46dccdaf80f9c59a"},
    {file = "feedparser-6.0.8.tar.gz", hash = "sha256:5ce0410a05ab248c8c7cfca3a0ea2203968ee9ff4486067379af4827a59f9661"},
]
jsonrpcserver = [
    {file = "jsonrpcserver-5.0.5.tar.gz", hash = "sha256:03f4a5910aa68d2f9b3045470e79a9f98e57644d9e34d495da11f0fcc4cc695a"},
]
jsonschema = [
    {file = "jsonschema-3.2.0-py2.py3-none-any.whl", hash = "sha256:4e5b3cf8216f577bee9ce139cbe72eca3ea4f292ec60928ff24758ce626cd163"},
    {file = "jsonschema-3.2.0.tar.gz", hash = "sha256:c8a85b28d377cc7737e46e2d9f2b4f44ee3c0e1deac6bf46ddefc7187d30797a"},
]
mypy-extensions = [
    {file = "mypy_extensions-0.4.3-py2.py3-none-any.whl", hash = "sha256:090fedd75945a69ae91ce1303b5824f428daf5a028d2f6ab8a299250a846f15d"},
    {file = "mypy_extensions-0.4.3.tar.gz", hash = "sha256:2d82818f5bb3e369420cb3c4060a7970edba416647068eb4c5343488a6c604a8"},
]
oslash = [
    {file = "OSlash-0.6.3-py3-none-any.whl", hash = "sha256:89b978443b7db3ac2666106bdc3680add3c886a6d8fcdd02fd062af86d29494f"},
    {file = "OSlash-0.6.3.tar.gz", hash = "sha256:868aeb58a656f2ed3b73d9dd6abe387b20b74fc9413d3e8653b615b15bf728f3"},
]
pathspec = [
    {file = "pathspec-0.9.0-py2.py3-none-any.whl", hash = "sha256:7d15c4ddb0b5c802d161efc417ec1a2558ea2653c2e8ad9c19098201dc1c993a"},
    {file = "pathspec-0.9.0.tar.gz", hash = "sha256:e564499435a2673d586f6b2130bb5b95f04a3ba06f81b8f895b651a3c76aabb1"},
]
platformdirs = [
    {file = "platformdirs-2.4.1-py3-none-any.whl", hash = "sha256:1d7385c7db91728b83efd0ca99a5afb296cab9d0ed8313a45ed8ba17967ecfca"},
    {file = "platformdirs-2.4.1.tar.gz", hash = "sha256:440633ddfebcc36264232365d7840a970e75e1018d15b4327d11f91909045fda"},
]
pyrsistent = [
    {file = "pyrsistent-0.18.0-cp36-cp36m-macosx_10_9_x86_64.whl", hash = "sha256:f4c8cabb46ff8e5d61f56a037974228e978f26bfefce4f61a4b1ac0ba7a2ab72"},
    {file = "pyrsistent-0.18.0-cp36-cp36m-manylinux1_i686.whl", hash = "sha256:da6e5e818d18459fa46fac0a4a4e543507fe1110e808101277c5a2b5bab0cd2d"},
    {file = "pyrsistent-0.18.0-cp36-cp36m-manylinux1_x86_64.whl", hash = "sha256:5e4395bbf841693eaebaa5bb5c8f5cdbb1d139e07c975c682ec4e4f8126e03d2"},
    {file = "pyrsistent-0.18.0-cp36-cp36m-win32.whl", hash = "sha256:527be2bfa8dc80f6f8ddd65242ba476a6c4fb4e3aedbf281dfbac1b1ed4165b1"},
    {file = "pyrsistent-0.18.0-cp36-cp36m-win_amd64.whl", hash = "sha256:2aaf19dc8ce517a8653746d98e962ef480ff34b6bc563fc067be6401ffb457c7"},
    {file = "pyrsistent-0.18.0-cp37-cp37m-macosx_10_9_x86_64.whl", hash = "sha256:58a70d93fb79dc585b21f9d72487b929a6fe58da0754fa4cb9f279bb92369396"},
    {file = "pyrsistent-0.18.0-cp37-cp37m-manylinux1_i686.whl", hash = "sha256:4916c10896721e472ee12c95cdc2891ce5890898d2f9907b1b4ae0f53588b710"},
    {file = "pyrsistent-0.18.0-cp37-cp37m-manylinux1_x86_64.whl", hash = "sha256:73ff61b1411e3fb0ba144b8f08d6749749775fe89688093e1efef9839d2dcc35"},
    {file = "pyrsistent-0.18.0-cp37-cp37m-win32.whl", hash = "sha256:b29b869cf58412ca5738d23691e96d8aff535e17390128a1a52717c9a109da4f"},
    {file = "pyrsistent-0.18.0-cp37-cp37m-win_amd64.whl", hash = "sha256:097b96f129dd36a8c9e33594e7ebb151b1515eb52cceb08474c10a5479e799f2"},
    {file = "pyrsistent-0.18.0-cp38-cp38-macosx_10_9_x86_64.whl", hash = "sha256:772e94c2c6864f2cd2ffbe58bb3bdefbe2a32afa0acb1a77e472aac831f83427"},
    {file = "pyrsistent-0.18.0-cp38-cp38-manylinux1_i686.whl", hash = "sha256:c1a9ff320fa699337e05edcaae79ef8c2880b52720bc031b219e5b5008ebbdef"},
    {file = "pyrsistent-0.18.0-cp38-cp38-manylinux1_x86_64.whl", hash = "sha256:cd3caef37a415fd0dae6148a1b6957a8c5f275a62cca02e18474608cb263640c"},
    {file = "pyrsistent-0.18.0-cp38-cp38-win32.whl", hash = "sha256:e79d94ca58fcafef6395f6352383fa1a76922268fa02caa2272fff501c2fdc78"},
    {file = "pyrsistent-0.18.0-cp38-cp38-win_amd64.whl", hash = "sha256:a0c772d791c38bbc77be659af29bb14c38ced151433592e326361610250c605b"},
    {file = "pyrsistent-0.18.0-cp39-cp39-macosx_10_9_x86_64.whl", hash = "sha256:d5ec194c9c573aafaceebf05fc400656722793dac57f254cd4741f3c27ae57b4"},
    {file = "pyrsistent-0.18.0-cp39-cp39-manylinux1_i686.whl", hash = "sha256:6b5eed00e597b5b5773b4ca30bd48a5774ef1e96f2a45d105db5b4ebb4bca680"},
    {file = "pyrsistent-0.18.0-cp39-cp39-manylinux1_x86_64.whl", hash = "sha256:48578680353f41dca1ca3dc48629fb77dfc745128b56fc01096b2530c13fd426"},
    {file = "pyrsistent-0.18.0-cp39-cp39-win32.whl", hash = "sha256:f3ef98d7b76da5eb19c37fda834d50262ff9167c65658d1d8f974d2e4d90676b"},
    {file = "pyrsistent-0.18.0-cp39-cp39-win_amd64.whl", hash = "sha256:404e1f1d254d314d55adb8d87f4f465c8693d6f902f67eb6ef5b4526dc58e6ea"},
    {file = "pyrsistent-0.18.0.tar.gz", hash = "sha256:773c781216f8c2900b42a7b638d5b517bb134ae1acbebe4d1e8f1f41ea60eb4b"},
]
sgmllib3k = [
    {file = "sgmllib3k-1.0.0.tar.gz", hash = "sha256:7868fb1c8bfa764c1ac563d3cf369c381d1325d36124933a726f29fcdaa812e9"},
]
six = [
    {file = "six-1.16.0-py2.py3-none-any.whl", hash = "sha256:8abb2f1d86890a2dfb989f9a77cfcfd3e47c2a354b01111771326f8aa26e0254"},
    {file = "six-1.16.0.tar.gz", hash = "sha256:1e61c37477a1626458e36f7b1d82aa5c9b094fa4802892072e49de9c60c4c926"},
]
tomli = [
    {file = "tomli-1.2.3-py3-none-any.whl", hash = "sha256:e3069e4be3ead9668e21cb9b074cd948f7b3113fd9c8bba083f48247aab8b11c"},
    {file = "tomli-1.2.3.tar.gz", hash = "sha256:05b6166bff487dc068d322585c7ea4ef78deed501cc124060e0f238e89a9231f"},
]
typing-extensions = [
    {file = "typing_extensions-4.0.1-py3-none-any.whl", hash = "sha256:7f001e5ac290a0c0401508864c7ec868be4e701886d5b573a9528ed3973d9d3b"},
    {file = "typing_extensions-4.0.1.tar.gz", hash = "sha256:4ca091dea149f945ec56afb48dae714f21e8692ef22a395223bcd328961b6a0e"},
]
